
Microsoft Visual Studio Solution File, Format Version 12.00
# Visual Studio Version 16
VisualStudioVersion = 16.0.30717.126
MinimumVisualStudioVersion = 10.0.40219.1
Project("{FAE04EC0-301F-11D3-BF4B-00C04F79EFBC}") = "DatingApp_API", "DatingApp_API.csproj", "{FF116D31-A66F-4C0C-8214-30A89CE81D53}"
EndProject
Global
	GlobalSection(SolutionConfigurationPlatforms) = preSolution
		Debug|Any CPU = Debug|Any CPU
		Release|Any CPU = Release|Any CPU
	EndGlobalSection
	GlobalSection(ProjectConfigurationPlatforms) = postSolution
		{FF116D31-A66F-4C0C-8214-30A89CE81D53}.Debug|Any CPU.ActiveCfg = Debug|Any CPU
		{FF116D31-A66F-4C0C-8214-30A89CE81D53}.Debug|Any CPU.Build.0 = Debug|Any CPU
		{FF116D31-A66F-4C0C-8214-30A89CE81D53}.Release|Any CPU.ActiveCfg = Release|Any CPU
		{FF116D31-A66F-4C0C-8214-30A89CE81D53}.Release|Any CPU.Build.0 = Release|Any CPU
	EndGlobalSection
	GlobalSection(SolutionProperties) = preSolution
		HideSolutionNode = FALSE
	EndGlobalSection
	GlobalSection(ExtensibilityGlobals) = postSolution
		SolutionGuid = {8F1C2E47-39C9-4451-9197-6F07B502988D}
	EndGlobalSection
EndGlobal
